{
  "name": "lambda",
  "version": "1.0.0",
  "lockfileVersion": 1,
  "requires": true,
  "dependencies": {
    "@types/aws-lambda": {
      "version": "8.10.33",
      "resolved": "https://registry.npmjs.org/@types/aws-lambda/-/aws-lambda-8.10.33.tgz",
      "integrity": "sha512-BZ8lPY/vyUq+Bid/BgYrKbUF36SZYuGOAMgOq/VgqnTQnCn9GBo3HejKZ6xrUzA8zLf9Pjs707amkt4f7rWujw==",
      "dev": true
    }
  }
}
