{
  "name": "lambda",
  "version": "1.0.0",
  "lockfileVersion": 1,
  "requires": true,
  "dependencies": {
    "@types/aws-lambda": {
      "version": "8.10.33",
      "resolved": "https://registry.npmjs.org/@types/aws-lambda/-/aws-lambda-8.10.33.tgz",
      "integrity": "sha512-BZ8lPY/vyUq+Bid/BgYrKbUF36SZYuGOAMgOq/VgqnTQnCn9GBo3HejKZ6xrUzA8zLf9Pjs707amkt4f7rWujw==",
      "dev": true
    },
    "aws-cli": {
      "version": "0.0.2",
      "resolved": "https://registry.npmjs.org/aws-cli/-/aws-cli-0.0.2.tgz",
      "integrity": "sha1-AHI8ki7ICeqsJ/sq5EDFuOgHoY4=",
      "dev": true,
      "requires": {
        "aws-sdk": "~2.0.0-rc13",
        "operetta": "0.0.5"
      }
    },
    "aws-sdk": {
      "version": "2.0.31",
      "resolved": "https://registry.npmjs.org/aws-sdk/-/aws-sdk-2.0.31.tgz",
      "integrity": "sha1-5yzx/caQFb2f0r3z07iMFlB9Jo4=",
      "dev": true,
      "requires": {
        "xml2js": "0.2.6",
        "xmlbuilder": "0.4.2"
      }
    },
    "operetta": {
      "version": "0.0.5",
      "resolved": "https://registry.npmjs.org/operetta/-/operetta-0.0.5.tgz",
      "integrity": "sha1-FIKMl+65E+KqhdHR05qJJpWOVVY=",
      "dev": true
    },
    "sax": {
      "version": "0.4.2",
      "resolved": "https://registry.npmjs.org/sax/-/sax-0.4.2.tgz",
      "integrity": "sha1-OfO2AXM9a+yXEFskKipA/Wl4rDw=",
      "dev": true
    },
    "xml2js": {
      "version": "0.2.6",
      "resolved": "https://registry.npmjs.org/xml2js/-/xml2js-0.2.6.tgz",
      "integrity": "sha1-0gnE5N2h/JxFIUHvQcB39a399sQ=",
      "dev": true,
      "requires": {
        "sax": "0.4.2"
      }
    },
    "xmlbuilder": {
      "version": "0.4.2",
      "resolved": "https://registry.npmjs.org/xmlbuilder/-/xmlbuilder-0.4.2.tgz",
      "integrity": "sha1-F3bWXz/brUcKCNhgTN6xxOVA/4M=",
      "dev": true
    }
  }
}
